
Microsoft Visual Studio Solution File, Format Version 12.00
# Visual Studio Version 16
VisualStudioVersion = 16.0.30330.147
MinimumVisualStudioVersion = 10.0.40219.1
Project("{FAE04EC0-301F-11D3-BF4B-00C04F79EFBC}") = "MvxStarter.Core", "MvxStarter.Core\MvxStarter.Core.csproj", "{DF341202-957A-443F-83CF-87075EFFF92E}"
EndProject
Project("{FAE04EC0-301F-11D3-BF4B-00C04F79EFBC}") = "MvxStarter.Wpf", "MvxStarter.Wpf\MvxStarter.Wpf.csproj", "{C34919C8-9B96-4255-A441-2CA1D15EB185}"
EndProject
Global
	GlobalSection(SolutionConfigurationPlatforms) = preSolution
		Debug|Any CPU = Debug|Any CPU
		Release|Any CPU = Release|Any CPU
	EndGlobalSection
	GlobalSection(ProjectConfigurationPlatforms) = postSolution
		{DF341202-957A-443F-83CF-87075EFFF92E}.Debug|Any CPU.ActiveCfg = Debug|Any CPU
		{DF341202-957A-443F-83CF-87075EFFF92E}.Debug|Any CPU.Build.0 = Debug|Any CPU
		{DF341202-957A-443F-83CF-87075EFFF92E}.Release|Any CPU.ActiveCfg = Release|Any CPU
		{DF341202-957A-443F-83CF-87075EFFF92E}.Release|Any CPU.Build.0 = Release|Any CPU
		{C34919C8-9B96-4255-A441-2CA1D15EB185}.Debug|Any CPU.ActiveCfg = Debug|Any CPU
		{C34919C8-9B96-4255-A441-2CA1D15EB185}.Debug|Any CPU.Build.0 = Debug|Any CPU
		{C34919C8-9B96-4255-A441-2CA1D15EB185}.Release|Any CPU.ActiveCfg = Release|Any CPU
		{C34919C8-9B96-4255-A441-2CA1D15EB185}.Release|Any CPU.Build.0 = Release|Any CPU
	EndGlobalSection
	GlobalSection(SolutionProperties) = preSolution
		HideSolutionNode = FALSE
	EndGlobalSection
	GlobalSection(ExtensibilityGlobals) = postSolution
		SolutionGuid = {D9012136-7DAC-4ADB-81F0-7C0E372F911F}
	EndGlobalSection
EndGlobal
